{
  "version": "5",
  "specifiers": {
    "npm:globals@^16.4.0": "16.4.0"
  },
  "npm": {
    "globals@16.4.0": {
      "integrity": "sha512-ob/2LcVVaVGCYN+r14cnwnoDPUufjiYgSqRhiFD0Q1iI4Odora5RE8Iv1D24hAz5oMophRGkGz+yuvQmmUMnMw=="
    }
  },
  "workspace": {
    "packageJson": {
      "dependencies": [
        "npm:@emotion/react@^11.14.0",
        "npm:@emotion/styled@^11.14.1",
        "npm:@eslint/js@^9.36.0",
        "npm:@mui/icons-material@^7.3.6",
        "npm:@mui/material@^7.3.6",
        "npm:@types/leaflet@^1.9.20",
        "npm:@types/node@^24.7.0",
        "npm:@types/react-dom@^19.2.0",
        "npm:@types/react@^19.2.1",
        "npm:@vitejs/plugin-react-swc@^4.1.0",
        "npm:eslint-plugin-react-hooks@^5.2.0",
        "npm:eslint-plugin-react-refresh@~0.4.22",
        "npm:eslint@^9.36.0",
        "npm:framer-motion@^12.23.22",
        "npm:globals@^16.4.0",
        "npm:leaflet@^1.9.4",
        "npm:lucide-react@0.545",
        "npm:react-dom@^19.2.0",
        "npm:react-leaflet@5",
        "npm:react-router-dom@^6.26.2",
        "npm:react@^19.2.0",
        "npm:rolldown-vite@7.1.14",
        "npm:sweetalert2@^11.26.3",
        "npm:typescript-eslint@^8.45.0",
        "npm:typescript@~5.9.3"
      ]
    }
  }
}
